
Microsoft Visual Studio Solution File, Format Version 12.00
# Visual Studio Version 16
VisualStudioVersion = 16.0.30309.148
MinimumVisualStudioVersion = 10.0.40219.1
Project("{9A19103F-16F7-4668-BE54-9A1E7A4F7556}") = "MovieShop.Web", "MovieShop.Web\MovieShop.Web.csproj", "{6DC41B6C-92F0-43A2-BA34-74A20698AF7F}"
EndProject
Project("{FAE04EC0-301F-11D3-BF4B-00C04F79EFBC}") = "MovieShop.Core", "MovieShop.Core\MovieShop.Core.csproj", "{C048715F-F725-4716-BF18-7A73C4587C3B}"
EndProject
Project("{FAE04EC0-301F-11D3-BF4B-00C04F79EFBC}") = "MovieShop.infrastructure", "MovieShop.infrastructure\MovieShop.infrastructure.csproj", "{1D64EB6B-3AA3-466F-A65E-345239480A5F}"
EndProject
Global
	GlobalSection(SolutionConfigurationPlatforms) = preSolution
		Debug|Any CPU = Debug|Any CPU
		Release|Any CPU = Release|Any CPU
	EndGlobalSection
	GlobalSection(ProjectConfigurationPlatforms) = postSolution
		{6DC41B6C-92F0-43A2-BA34-74A20698AF7F}.Debug|Any CPU.ActiveCfg = Debug|Any CPU
		{6DC41B6C-92F0-43A2-BA34-74A20698AF7F}.Debug|Any CPU.Build.0 = Debug|Any CPU
		{6DC41B6C-92F0-43A2-BA34-74A20698AF7F}.Release|Any CPU.ActiveCfg = Release|Any CPU
		{6DC41B6C-92F0-43A2-BA34-74A20698AF7F}.Release|Any CPU.Build.0 = Release|Any CPU
		{C048715F-F725-4716-BF18-7A73C4587C3B}.Debug|Any CPU.ActiveCfg = Debug|Any CPU
		{C048715F-F725-4716-BF18-7A73C4587C3B}.Debug|Any CPU.Build.0 = Debug|Any CPU
		{C048715F-F725-4716-BF18-7A73C4587C3B}.Release|Any CPU.ActiveCfg = Release|Any CPU
		{C048715F-F725-4716-BF18-7A73C4587C3B}.Release|Any CPU.Build.0 = Release|Any CPU
		{1D64EB6B-3AA3-466F-A65E-345239480A5F}.Debug|Any CPU.ActiveCfg = Debug|Any CPU
		{1D64EB6B-3AA3-466F-A65E-345239480A5F}.Debug|Any CPU.Build.0 = Debug|Any CPU
		{1D64EB6B-3AA3-466F-A65E-345239480A5F}.Release|Any CPU.ActiveCfg = Release|Any CPU
		{1D64EB6B-3AA3-466F-A65E-345239480A5F}.Release|Any CPU.Build.0 = Release|Any CPU
	EndGlobalSection
	GlobalSection(SolutionProperties) = preSolution
		HideSolutionNode = FALSE
	EndGlobalSection
	GlobalSection(ExtensibilityGlobals) = postSolution
		SolutionGuid = {E49A84D3-BEB0-4A70-BDCB-DDB94FAE866E}
	EndGlobalSection
EndGlobal
